{
  "requires": true,
  "lockfileVersion": 1,
  "dependencies": {
    "fs": {
      "version": "0.0.1-security",
      "resolved": "https://registry.npmjs.org/fs/-/fs-0.0.1-security.tgz",
      "integrity": "sha1-invTcYa23d84E/I4WLV+yq9eQdQ="
    },
    "uuid": {
      "version": "8.3.0",
      "resolved": "https://registry.npmjs.org/uuid/-/uuid-8.3.0.tgz",
      "integrity": "sha512-fX6Z5o4m6XsXBdli9g7DtWgAx+osMsRRZFKma1mIUsLCz6vRvv+pz5VNbyu9UEDzpMWulZfvpgb/cmDXVulYFQ=="
    }
  }
}
